
Microsoft Visual Studio Solution File, Format Version 12.00
# Visual Studio Version 17
VisualStudioVersion = 17.5.33516.290
MinimumVisualStudioVersion = 10.0.40219.1
Project("{FAE04EC0-301F-11D3-BF4B-00C04F79EFBC}") = "C#", "C#\C#.csproj", "{31C2B6B8-7AE6-4B9B-B5F5-32225FD0A5DA}"
EndProject
Global
	GlobalSection(SolutionConfigurationPlatforms) = preSolution
		Debug|Any CPU = Debug|Any CPU
		Release|Any CPU = Release|Any CPU
	EndGlobalSection
	GlobalSection(ProjectConfigurationPlatforms) = postSolution
		{31C2B6B8-7AE6-4B9B-B5F5-32225FD0A5DA}.Debug|Any CPU.ActiveCfg = Debug|Any CPU
		{31C2B6B8-7AE6-4B9B-B5F5-32225FD0A5DA}.Debug|Any CPU.Build.0 = Debug|Any CPU
		{31C2B6B8-7AE6-4B9B-B5F5-32225FD0A5DA}.Release|Any CPU.ActiveCfg = Release|Any CPU
		{31C2B6B8-7AE6-4B9B-B5F5-32225FD0A5DA}.Release|Any CPU.Build.0 = Release|Any CPU
	EndGlobalSection
	GlobalSection(SolutionProperties) = preSolution
		HideSolutionNode = FALSE
	EndGlobalSection
	GlobalSection(ExtensibilityGlobals) = postSolution
		SolutionGuid = {8CFC484C-A0F4-43FE-B21B-3A6FD4ADB4D5}
	EndGlobalSection
EndGlobal
